{
  "requires": true,
  "lockfileVersion": 1,
  "dependencies": {
    "d2": {
      "version": "27.0.0",
      "resolved": "https://registry.npmjs.org/d2/-/d2-27.0.0.tgz",
      "integrity": "sha1-vNgWY6t2KqRkbqrDw05GaSuqTlE=",
      "requires": {
        "whatwg-fetch": "2.0.3"
      }
    },
    "whatwg-fetch": {
      "version": "2.0.3",
      "resolved": "https://registry.npmjs.org/whatwg-fetch/-/whatwg-fetch-2.0.3.tgz",
      "integrity": "sha1-nITsLc9oGH/wC8ZOEnS0QhduHIQ="
    }
  }
}
